{
  "requires": true,
  "lockfileVersion": 1,
  "dependencies": {
    "is-class": {
      "version": "0.0.6",
      "resolved": "https://registry.npmjs.org/is-class/-/is-class-0.0.6.tgz",
      "integrity": "sha512-agwfIBcggHE4RYXB/hscLw4o2o78pXhhmrePfAvDtAe+i3Q7likR7PBnLOWjrnLJcv/v1rNuFeWdii0xhnWnPg=="
    }
  }
}
